
Microsoft Visual Studio Solution File, Format Version 12.00
# Visual Studio 15
VisualStudioVersion = 15.0.27130.2003
MinimumVisualStudioVersion = 10.0.40219.1
Project("{FAE04EC0-301F-11D3-BF4B-00C04F79EFBC}") = "ProtocoloDeEntrega.Android", "ProtocoloDeEntrega\ProtocoloDeEntrega.Android\ProtocoloDeEntrega.Android.csproj", "{EB8E8B51-DCFC-46C9-A8FC-F663C9AC2FC3}"
EndProject
Project("{FAE04EC0-301F-11D3-BF4B-00C04F79EFBC}") = "ProtocoloDeEntrega.iOS", "ProtocoloDeEntrega\ProtocoloDeEntrega.iOS\ProtocoloDeEntrega.iOS.csproj", "{396CEEB4-905C-4AA2-8F3C-821734E410FA}"
EndProject
Project("{FAE04EC0-301F-11D3-BF4B-00C04F79EFBC}") = "ProtocoloDeEntrega", "ProtocoloDeEntrega\ProtocoloDeEntrega\ProtocoloDeEntrega.csproj", "{2A2C4105-CC80-4C03-BED3-0ADEAFD9E57A}"
EndProject
Global
	GlobalSection(SolutionConfigurationPlatforms) = preSolution
		Ad-Hoc|Any CPU = Ad-Hoc|Any CPU
		Ad-Hoc|iPhone = Ad-Hoc|iPhone
		Ad-Hoc|iPhoneSimulator = Ad-Hoc|iPhoneSimulator
		AppStore|Any CPU = AppStore|Any CPU
		AppStore|iPhone = AppStore|iPhone
		AppStore|iPhoneSimulator = AppStore|iPhoneSimulator
		Debug|Any CPU = Debug|Any CPU
		Debug|iPhone = Debug|iPhone
		Debug|iPhoneSimulator = Debug|iPhoneSimulator
		Release|Any CPU = Release|Any CPU
		Release|iPhone = Release|iPhone
		Release|iPhoneSimulator = Release|iPhoneSimulator
	EndGlobalSection
	GlobalSection(ProjectConfigurationPlatforms) = postSolution
		{EB8E8B51-DCFC-46C9-A8FC-F663C9AC2FC3}.Ad-Hoc|Any CPU.ActiveCfg = Release|Any CPU
		{EB8E8B51-DCFC-46C9-A8FC-F663C9AC2FC3}.Ad-Hoc|Any CPU.Build.0 = Release|Any CPU
		{EB8E8B51-DCFC-46C9-A8FC-F663C9AC2FC3}.Ad-Hoc|Any CPU.Deploy.0 = Release|Any CPU
		{EB8E8B51-DCFC-46C9-A8FC-F663C9AC2FC3}.Ad-Hoc|iPhone.ActiveCfg = Release|Any CPU
		{EB8E8B51-DCFC-46C9-A8FC-F663C9AC2FC3}.Ad-Hoc|iPhone.Build.0 = Release|Any CPU
		{EB8E8B51-DCFC-46C9-A8FC-F663C9AC2FC3}.Ad-Hoc|iPhone.Deploy.0 = Release|Any CPU
		{EB8E8B51-DCFC-46C9-A8FC-F663C9AC2FC3}.Ad-Hoc|iPhoneSimulator.ActiveCfg = Release|Any CPU
		{EB8E8B51-DCFC-46C9-A8FC-F663C9AC2FC3}.Ad-Hoc|iPhoneSimulator.Build.0 = Release|Any CPU
		{EB8E8B51-DCFC-46C9-A8FC-F663C9AC2FC3}.Ad-Hoc|iPhoneSimulator.Deploy.0 = Release|Any CPU
		{EB8E8B51-DCFC-46C9-A8FC-F663C9AC2FC3}.AppStore|Any CPU.ActiveCfg = Release|Any CPU
		{EB8E8B51-DCFC-46C9-A8FC-F663C9AC2FC3}.AppStore|Any CPU.Build.0 = Release|Any CPU
		{EB8E8B51-DCFC-46C9-A8FC-F663C9AC2FC3}.AppStore|Any CPU.Deploy.0 = Release|Any CPU
		{EB8E8B51-DCFC-46C9-A8FC-F663C9AC2FC3}.AppStore|iPhone.ActiveCfg = Release|Any CPU
		{EB8E8B51-DCFC-46C9-A8FC-F663C9AC2FC3}.AppStore|iPhone.Build.0 = Release|Any CPU
		{EB8E8B51-DCFC-46C9-A8FC-F663C9AC2FC3}.AppStore|iPhone.Deploy.0 = Release|Any CPU
		{EB8E8B51-DCFC-46C9-A8FC-F663C9AC2FC3}.AppStore|iPhoneSimulator.ActiveCfg = Release|Any CPU
		{EB8E8B51-DCFC-46C9-A8FC-F663C9AC2FC3}.AppStore|iPhoneSimulator.Build.0 = Release|Any CPU
		{EB8E8B51-DCFC-46C9-A8FC-F663C9AC2FC3}.AppStore|iPhoneSimulator.Deploy.0 = Release|Any CPU
		{EB8E8B51-DCFC-46C9-A8FC-F663C9AC2FC3}.Debug|Any CPU.ActiveCfg = Debug|Any CPU
		{EB8E8B51-DCFC-46C9-A8FC-F663C9AC2FC3}.Debug|Any CPU.Build.0 = Debug|Any CPU
		{EB8E8B51-DCFC-46C9-A8FC-F663C9AC2FC3}.Debug|Any CPU.Deploy.0 = Debug|Any CPU
		{EB8E8B51-DCFC-46C9-A8FC-F663C9AC2FC3}.Debug|iPhone.ActiveCfg = Debug|Any CPU
		{EB8E8B51-DCFC-46C9-A8FC-F663C9AC2FC3}.Debug|iPhone.Build.0 = Debug|Any CPU
		{EB8E8B51-DCFC-46C9-A8FC-F663C9AC2FC3}.Debug|iPhone.Deploy.0 = Debug|Any CPU
		{EB8E8B51-DCFC-46C9-A8FC-F663C9AC2FC3}.Debug|iPhoneSimulator.ActiveCfg = Debug|Any CPU
		{EB8E8B51-DCFC-46C9-A8FC-F663C9AC2FC3}.Debug|iPhoneSimulator.Build.0 = Debug|Any CPU
		{EB8E8B51-DCFC-46C9-A8FC-F663C9AC2FC3}.Debug|iPhoneSimulator.Deploy.0 = Debug|Any CPU
		{EB8E8B51-DCFC-46C9-A8FC-F663C9AC2FC3}.Release|Any CPU.ActiveCfg = Release|Any CPU
		{EB8E8B51-DCFC-46C9-A8FC-F663C9AC2FC3}.Release|Any CPU.Build.0 = Release|Any CPU
		{EB8E8B51-DCFC-46C9-A8FC-F663C9AC2FC3}.Release|Any CPU.Deploy.0 = Release|Any CPU
		{EB8E8B51-DCFC-46C9-A8FC-F663C9AC2FC3}.Release|iPhone.ActiveCfg = Release|Any CPU
		{EB8E8B51-DCFC-46C9-A8FC-F663C9AC2FC3}.Release|iPhone.Build.0 = Release|Any CPU
		{EB8E8B51-DCFC-46C9-A8FC-F663C9AC2FC3}.Release|iPhone.Deploy.0 = Release|Any CPU
		{EB8E8B51-DCFC-46C9-A8FC-F663C9AC2FC3}.Release|iPhoneSimulator.ActiveCfg = Release|Any CPU
		{EB8E8B51-DCFC-46C9-A8FC-F663C9AC2FC3}.Release|iPhoneSimulator.Build.0 = Release|Any CPU
		{EB8E8B51-DCFC-46C9-A8FC-F663C9AC2FC3}.Release|iPhoneSimulator.Deploy.0 = Release|Any CPU
		{396CEEB4-905C-4AA2-8F3C-821734E410FA}.Ad-Hoc|Any CPU.ActiveCfg = Ad-Hoc|iPhone
		{396CEEB4-905C-4AA2-8F3C-821734E410FA}.Ad-Hoc|iPhone.ActiveCfg = Ad-Hoc|iPhone
		{396CEEB4-905C-4AA2-8F3C-821734E410FA}.Ad-Hoc|iPhone.Build.0 = Ad-Hoc|iPhone
		{396CEEB4-905C-4AA2-8F3C-821734E410FA}.Ad-Hoc|iPhoneSimulator.ActiveCfg = Ad-Hoc|iPhoneSimulator
		{396CEEB4-905C-4AA2-8F3C-821734E410FA}.Ad-Hoc|iPhoneSimulator.Build.0 = Ad-Hoc|iPhoneSimulator
		{396CEEB4-905C-4AA2-8F3C-821734E410FA}.AppStore|Any CPU.ActiveCfg = AppStore|iPhone
		{396CEEB4-905C-4AA2-8F3C-821734E410FA}.AppStore|iPhone.ActiveCfg = AppStore|iPhone
		{396CEEB4-905C-4AA2-8F3C-821734E410FA}.AppStore|iPhone.Build.0 = AppStore|iPhone
		{396CEEB4-905C-4AA2-8F3C-821734E410FA}.AppStore|iPhoneSimulator.ActiveCfg = AppStore|iPhoneSimulator
		{396CEEB4-905C-4AA2-8F3C-821734E410FA}.AppStore|iPhoneSimulator.Build.0 = AppStore|iPhoneSimulator
		{396CEEB4-905C-4AA2-8F3C-821734E410FA}.Debug|Any CPU.ActiveCfg = Debug|iPhone
		{396CEEB4-905C-4AA2-8F3C-821734E410FA}.Debug|iPhone.ActiveCfg = Debug|iPhone
		{396CEEB4-905C-4AA2-8F3C-821734E410FA}.Debug|iPhone.Build.0 = Debug|iPhone
		{396CEEB4-905C-4AA2-8F3C-821734E410FA}.Debug|iPhoneSimulator.ActiveCfg = Debug|iPhoneSimulator
		{396CEEB4-905C-4AA2-8F3C-821734E410FA}.Debug|iPhoneSimulator.Build.0 = Debug|iPhoneSimulator
		{396CEEB4-905C-4AA2-8F3C-821734E410FA}.Release|Any CPU.ActiveCfg = Release|iPhone
		{396CEEB4-905C-4AA2-8F3C-821734E410FA}.Release|iPhone.ActiveCfg = Release|iPhone
		{396CEEB4-905C-4AA2-8F3C-821734E410FA}.Release|iPhone.Build.0 = Release|iPhone
		{396CEEB4-905C-4AA2-8F3C-821734E410FA}.Release|iPhoneSimulator.ActiveCfg = Release|iPhoneSimulator
		{396CEEB4-905C-4AA2-8F3C-821734E410FA}.Release|iPhoneSimulator.Build.0 = Release|iPhoneSimulator
		{2A2C4105-CC80-4C03-BED3-0ADEAFD9E57A}.Ad-Hoc|Any CPU.ActiveCfg = Debug|Any CPU
		{2A2C4105-CC80-4C03-BED3-0ADEAFD9E57A}.Ad-Hoc|Any CPU.Build.0 = Debug|Any CPU
		{2A2C4105-CC80-4C03-BED3-0ADEAFD9E57A}.Ad-Hoc|iPhone.ActiveCfg = Debug|Any CPU
		{2A2C4105-CC80-4C03-BED3-0ADEAFD9E57A}.Ad-Hoc|iPhone.Build.0 = Debug|Any CPU
		{2A2C4105-CC80-4C03-BED3-0ADEAFD9E57A}.Ad-Hoc|iPhoneSimulator.ActiveCfg = Debug|Any CPU
		{2A2C4105-CC80-4C03-BED3-0ADEAFD9E57A}.Ad-Hoc|iPhoneSimulator.Build.0 = Debug|Any CPU
		{2A2C4105-CC80-4C03-BED3-0ADEAFD9E57A}.AppStore|Any CPU.ActiveCfg = Debug|Any CPU
		{2A2C4105-CC80-4C03-BED3-0ADEAFD9E57A}.AppStore|Any CPU.Build.0 = Debug|Any CPU
		{2A2C4105-CC80-4C03-BED3-0ADEAFD9E57A}.AppStore|iPhone.ActiveCfg = Debug|Any CPU
		{2A2C4105-CC80-4C03-BED3-0ADEAFD9E57A}.AppStore|iPhone.Build.0 = Debug|Any CPU
		{2A2C4105-CC80-4C03-BED3-0ADEAFD9E57A}.AppStore|iPhoneSimulator.ActiveCfg = Debug|Any CPU
		{2A2C4105-CC80-4C03-BED3-0ADEAFD9E57A}.AppStore|iPhoneSimulator.Build.0 = Debug|Any CPU
		{2A2C4105-CC80-4C03-BED3-0ADEAFD9E57A}.Debug|Any CPU.ActiveCfg = Debug|Any CPU
		{2A2C4105-CC80-4C03-BED3-0ADEAFD9E57A}.Debug|Any CPU.Build.0 = Debug|Any CPU
		{2A2C4105-CC80-4C03-BED3-0ADEAFD9E57A}.Debug|iPhone.ActiveCfg = Debug|Any CPU
		{2A2C4105-CC80-4C03-BED3-0ADEAFD9E57A}.Debug|iPhone.Build.0 = Debug|Any CPU
		{2A2C4105-CC80-4C03-BED3-0ADEAFD9E57A}.Debug|iPhoneSimulator.ActiveCfg = Debug|Any CPU
		{2A2C4105-CC80-4C03-BED3-0ADEAFD9E57A}.Debug|iPhoneSimulator.Build.0 = Debug|Any CPU
		{2A2C4105-CC80-4C03-BED3-0ADEAFD9E57A}.Release|Any CPU.ActiveCfg = Release|Any CPU
		{2A2C4105-CC80-4C03-BED3-0ADEAFD9E57A}.Release|Any CPU.Build.0 = Release|Any CPU
		{2A2C4105-CC80-4C03-BED3-0ADEAFD9E57A}.Release|iPhone.ActiveCfg = Release|Any CPU
		{2A2C4105-CC80-4C03-BED3-0ADEAFD9E57A}.Release|iPhone.Build.0 = Release|Any CPU
		{2A2C4105-CC80-4C03-BED3-0ADEAFD9E57A}.Release|iPhoneSimulator.ActiveCfg = Release|Any CPU
		{2A2C4105-CC80-4C03-BED3-0ADEAFD9E57A}.Release|iPhoneSimulator.Build.0 = Release|Any CPU
	EndGlobalSection
	GlobalSection(SolutionProperties) = preSolution
		HideSolutionNode = FALSE
	EndGlobalSection
	GlobalSection(ExtensibilityGlobals) = postSolution
		SolutionGuid = {7BF519D8-F32C-4E3B-954F-E59D0F85F5EF}
	EndGlobalSection
EndGlobal
